
Microsoft Visual Studio Solution File, Format Version 12.00
# Visual Studio Version 16
VisualStudioVersion = 16.0.31624.102
MinimumVisualStudioVersion = 10.0.40219.1
Project("{FAE04EC0-301F-11D3-BF4B-00C04F79EFBC}") = "RabbitMQ-HelloWorld", "RabbitMQ-HelloWorld\RabbitMQ-HelloWorld.csproj", "{49FD6898-5B6F-4EC7-864C-2E16B1313BB7}"
EndProject
Global
	GlobalSection(SolutionConfigurationPlatforms) = preSolution
		Debug|Any CPU = Debug|Any CPU
		Release|Any CPU = Release|Any CPU
	EndGlobalSection
	GlobalSection(ProjectConfigurationPlatforms) = postSolution
		{49FD6898-5B6F-4EC7-864C-2E16B1313BB7}.Debug|Any CPU.ActiveCfg = Debug|Any CPU
		{49FD6898-5B6F-4EC7-864C-2E16B1313BB7}.Debug|Any CPU.Build.0 = Debug|Any CPU
		{49FD6898-5B6F-4EC7-864C-2E16B1313BB7}.Release|Any CPU.ActiveCfg = Release|Any CPU
		{49FD6898-5B6F-4EC7-864C-2E16B1313BB7}.Release|Any CPU.Build.0 = Release|Any CPU
	EndGlobalSection
	GlobalSection(SolutionProperties) = preSolution
		HideSolutionNode = FALSE
	EndGlobalSection
	GlobalSection(ExtensibilityGlobals) = postSolution
		SolutionGuid = {54A9FDE6-8C71-4559-AB0E-8450F83AF03E}
	EndGlobalSection
EndGlobal
